
Microsoft Visual Studio Solution File, Format Version 12.00
Project("{FAE04EC0-301F-11D3-BF4B-00C04F79EFBC}") = "DraggableColors", "DraggableColors\DraggableColors.csproj", "{2C50F020-8F1A-440E-B318-6A15A186643A}"
EndProject
Global
	GlobalSection(SolutionConfigurationPlatforms) = preSolution
		Debug|Any CPU = Debug|Any CPU
		Release|Any CPU = Release|Any CPU
	EndGlobalSection
	GlobalSection(ProjectConfigurationPlatforms) = postSolution
		{B3FDC410-CD9B-4203-9BF4-8D78C2F54ACB}.Debug|Any CPU.ActiveCfg = Debug|Any CPU
		{B3FDC410-CD9B-4203-9BF4-8D78C2F54ACB}.Debug|Any CPU.Build.0 = Debug|Any CPU
		{B3FDC410-CD9B-4203-9BF4-8D78C2F54ACB}.Release|Any CPU.ActiveCfg = Release|Any CPU
		{B3FDC410-CD9B-4203-9BF4-8D78C2F54ACB}.Release|Any CPU.Build.0 = Release|Any CPU
		{2C50F020-8F1A-440E-B318-6A15A186643A}.Debug|Any CPU.ActiveCfg = Debug|Any CPU
		{2C50F020-8F1A-440E-B318-6A15A186643A}.Debug|Any CPU.Build.0 = Debug|Any CPU
		{2C50F020-8F1A-440E-B318-6A15A186643A}.Release|Any CPU.ActiveCfg = Release|Any CPU
		{2C50F020-8F1A-440E-B318-6A15A186643A}.Release|Any CPU.Build.0 = Release|Any CPU
	EndGlobalSection
EndGlobal
